{
  "name": "infty-nft",
  "version": "1.0.0",
  "lockfileVersion": 2,
  "requires": true,
  "packages": {
    "": {
      "name": "infty-nft",
      "version": "1.0.0",
      "license": "ISC",
      "dependencies": {
        "@openzeppelin/contracts": "^4.3.0"
      }
    },
    "node_modules/@openzeppelin/contracts": {
      "version": "4.3.0",
      "resolved": "https://registry.npmjs.org/@openzeppelin/contracts/-/contracts-4.3.0.tgz",
      "integrity": "sha512-+uBDl/TrmR0Kch6mq3tuxMex/fK7huR6+fQMae+zJk1K5T+dp0pFl12Hbc+1L6oYMXoyDSBJ8zqhRIntrREDFA==",
      "license": "MIT"
    }
  },
  "dependencies": {
    "@openzeppelin/contracts": {
      "version": "4.3.0",
      "resolved": "https://registry.npmjs.org/@openzeppelin/contracts/-/contracts-4.3.0.tgz",
      "integrity": "sha512-+uBDl/TrmR0Kch6mq3tuxMex/fK7huR6+fQMae+zJk1K5T+dp0pFl12Hbc+1L6oYMXoyDSBJ8zqhRIntrREDFA=="
    }
  }
}
